<?xml version="1.0" encoding="utf-8"?>
<Project ToolsVersion="4.0" xmlns="http://schemas.microsoft.com/developer/msbuild/2003">
  <ItemGroup>
    <Filter Include="Source Files">
      <UniqueIdentifier>{4FC737F1-C7A5-4376-A066-2A32D752A2FF}</UniqueIdentifier>
      <Extensions>cpp;c;cc;cxx;c++;def;odl;idl;hpj;bat;asm;asmx</Extensions>
    </Filter>
    <Filter Include="Header Files">
      <UniqueIdentifier>{93995380-89BD-4b04-88EB-625FBE52EBFB}</UniqueIdentifier>
      <Extensions>h;hh;hpp;hxx;h++;hm;inl;inc;ipp;xsd</Extensions>
    </Filter>
    <Filter Include="Resource Files">
      <UniqueIdentifier>{67DA6AB6-F800-4c08-8B7A-83BB121AAD01}</UniqueIdentifier>
      <Extensions>rc;ico;cur;bmp;dlg;rc2;rct;bin;rgs;gif;jpg;jpeg;jpe;resx;tiff;tif;png;wav;mfcribbon-ms</Extensions>
    </Filter>
    <Filter Include="Source Files\Characters">
      <UniqueIdentifier>{7e174811-02a9-456d-aec2-921455b07d28}</UniqueIdentifier>
    </Filter>
    <Filter Include="Source Files\Brain">
      <UniqueIdentifier>{585bc561-ed98-4a13-ab2b-79dc70a89ef3}</UniqueIdentifier>
    </Filter>
    <Filter Include="Source Files\Board">
      <UniqueIdentifier>{423a770b-7fc9-4ce9-958f-720ed78fd04e}</UniqueIdentifier>
    </Filter>
    <Filter Include="Source Files\Game">
      <UniqueIdentifier>{83185808-1b51-4da0-b383-4ceafeb7dd4e}</UniqueIdentifier>
    </Filter>
  </ItemGroup>
  <ItemGroup>
    <ClInclude Include="source\include\CommonTypes.h">
      <Filter>Source Files</Filter>
    </ClInclude>
    <ClInclude Include="source\include\Player.h">
      <Filter>Source Files</Filter>
    </ClInclude>
    <ClInclude Include="source\include\Elephant.h">
      <Filter>Source Files\Characters</Filter>
    </ClInclude>
    <ClInclude Include="source\include\Horse.h">
      <Filter>Source Files\Characters</Filter>
    </ClInclude>
    <ClInclude Include="source\include\ICharacters.h">
      <Filter>Source Files\Characters</Filter>
    </ClInclude>
    <ClInclude Include="source\include\King.h">
      <Filter>Source Files\Characters</Filter>
    </ClInclude>
    <ClInclude Include="source\include\Queen.h">
      <Filter>Source Files\Characters</Filter>
    </ClInclude>
    <ClInclude Include="source\include\Soldier.h">
      <Filter>Source Files\Characters</Filter>
    </ClInclude>
    <ClInclude Include="source\include\Camel.h">
      <Filter>Source Files\Characters</Filter>
    </ClInclude>
    <ClInclude Include="source\include\Predictor.h">
      <Filter>Source Files\Brain</Filter>
    </ClInclude>
    <ClInclude Include="source\include\Rules.h">
      <Filter>Source Files\Brain</Filter>
    </ClInclude>
    <ClInclude Include="source\include\Analyzer.h">
      <Filter>Source Files\Brain</Filter>
    </ClInclude>
    <ClInclude Include="source\include\ChessBoard.h">
      <Filter>Source Files\Board</Filter>
    </ClInclude>
    <ClInclude Include="source\include\Game.h">
      <Filter>Source Files\Game</Filter>
    </ClInclude>
    <ClInclude Include="source\include\Moves.h">
      <Filter>Source Files\Brain</Filter>
    </ClInclude>
    <ClInclude Include="source\include\MovesCalculator.h">
      <Filter>Source Files\Brain</Filter>
    </ClInclude>
  </ItemGroup>
  <ItemGroup>
    <ClCompile Include="source\src\Player.cpp">
      <Filter>Source Files</Filter>
    </ClCompile>
    <ClCompile Include="source\src\CommonTypes.cpp">
      <Filter>Source Files</Filter>
    </ClCompile>
    <ClCompile Include="source\src\Camel.cpp">
      <Filter>Source Files\Characters</Filter>
    </ClCompile>
    <ClCompile Include="source\src\Elephant.cpp">
      <Filter>Source Files\Characters</Filter>
    </ClCompile>
    <ClCompile Include="source\src\Horse.cpp">
      <Filter>Source Files\Characters</Filter>
    </ClCompile>
    <ClCompile Include="source\src\King.cpp">
      <Filter>Source Files\Characters</Filter>
    </ClCompile>
    <ClCompile Include="source\src\Queen.cpp">
      <Filter>Source Files\Characters</Filter>
    </ClCompile>
    <ClCompile Include="source\src\Soldier.cpp">
      <Filter>Source Files\Characters</Filter>
    </ClCompile>
    <ClCompile Include="source\src\Predictor.cpp">
      <Filter>Source Files\Brain</Filter>
    </ClCompile>
    <ClCompile Include="source\src\Rules.cpp">
      <Filter>Source Files\Brain</Filter>
    </ClCompile>
    <ClCompile Include="source\src\Analyzer.cpp">
      <Filter>Source Files\Brain</Filter>
    </ClCompile>
    <ClCompile Include="source\src\ChessBoard.cpp">
      <Filter>Source Files\Board</Filter>
    </ClCompile>
    <ClCompile Include="source\src\Game.cpp">
      <Filter>Source Files\Game</Filter>
    </ClCompile>
    <ClCompile Include="source\src\Moves.cpp">
      <Filter>Source Files\Brain</Filter>
    </ClCompile>
    <ClCompile Include="source\src\MovesCalculator.cpp">
      <Filter>Source Files\Brain</Filter>
    </ClCompile>
    <ClCompile Include="Main.cpp">
      <Filter>Source Files</Filter>
    </ClCompile>
  </ItemGroup>
</Project>